
Microsoft Visual Studio Solution File, Format Version 12.00
# Visual Studio Version 17
VisualStudioVersion = 17.8.34511.84
MinimumVisualStudioVersion = 10.0.40219.1
Project("{FAE04EC0-301F-11D3-BF4B-00C04F79EFBC}") = "EDI_Service", "EDI_Service.csproj", "{AD8DAFD6-9C62-4FCB-A9B6-651537468BCF}"
EndProject
Global
	GlobalSection(SolutionConfigurationPlatforms) = preSolution
		Debug|Any CPU = Debug|Any CPU
		Release|Any CPU = Release|Any CPU
	EndGlobalSection
	GlobalSection(ProjectConfigurationPlatforms) = postSolution
		{AD8DAFD6-9C62-4FCB-A9B6-651537468BCF}.Debug|Any CPU.ActiveCfg = Debug|Any CPU
		{AD8DAFD6-9C62-4FCB-A9B6-651537468BCF}.Debug|Any CPU.Build.0 = Debug|Any CPU
		{AD8DAFD6-9C62-4FCB-A9B6-651537468BCF}.Release|Any CPU.ActiveCfg = Release|Any CPU
		{AD8DAFD6-9C62-4FCB-A9B6-651537468BCF}.Release|Any CPU.Build.0 = Release|Any CPU
	EndGlobalSection
	GlobalSection(SolutionProperties) = preSolution
		HideSolutionNode = FALSE
	EndGlobalSection
	GlobalSection(ExtensibilityGlobals) = postSolution
		SolutionGuid = {2661C926-72C0-4B4D-B365-410DBBCBB1D5}
	EndGlobalSection
EndGlobal
